// !$*UTF8*$!
{
	archiveVersion = 1;
	classes = {
	};
	objectVersion = 46;
	objects = {

/* Begin PBXBuildFile section */
		7F8DFEC314985CAF008BFFC6 /* Foundation.framework in Frameworks */ = {isa = PBXBuildFile; fileRef = 7F8DFEC214985CAF008BFFC6 /* Foundation.framework */; };
		7F8DFED114985CD2008BFFC6 /* AudioStreamer.h in Headers */ = {isa = PBXBuildFile; fileRef = 7F8DFECF14985CD2008BFFC6 /* AudioStreamer.h */; };
		7F8DFED214985CD2008BFFC6 /* AudioStreamer.m in Sources */ = {isa = PBXBuildFile; fileRef = 7F8DFED014985CD2008BFFC6 /* AudioStreamer.m */; };
/* End PBXBuildFile section */

/* Begin PBXFileReference section */
		7F8DFEBF14985CAF008BFFC6 /* libAudioStreamer.a */ = {isa = PBXFileReference; explicitFileType = archive.ar; includeInIndex = 0; path = libAudioStreamer.a; sourceTree = BUILT_PRODUCTS_DIR; };
		7F8DFEC214985CAF008BFFC6 /* Foundation.framework */ = {isa = PBXFileReference; lastKnownFileType = wrapper.framework; name = Foundation.framework; path = System/Library/Frameworks/Foundation.framework; sourceTree = SDKROOT; };
		7F8DFECF14985CD2008BFFC6 /* AudioStreamer.h */ = {isa = PBXFileReference; fileEncoding = 4; lastKnownFileType = sourcecode.c.h; path = AudioStreamer.h; sourceTree = "<group>"; };
		7F8DFED014985CD2008BFFC6 /* AudioStreamer.m */ = {isa = PBXFileReference; fileEncoding = 4; lastKnownFileType = sourcecode.c.objc; path = AudioStreamer.m; sourceTree = "<group>"; };
/* End PBXFileReference section */

/* Begin PBXFrameworksBuildPhase section */
		7F8DFEBC14985CAF008BFFC6 /* Frameworks */ = {
			isa = PBXFrameworksBuildPhase;
			buildActionMask = 2147483647;
			files = (
				7F8DFEC314985CAF008BFFC6 /* Foundation.framework in Frameworks */,
			);
			runOnlyForDeploymentPostprocessing = 0;
		};
/* End PBXFrameworksBuildPhase section */

/* Begin PBXGroup section */
		7F8DFEB414985CAF008BFFC6 = {
			isa = PBXGroup;
			children = (
				7F8DFECF14985CD2008BFFC6 /* AudioStreamer.h */,
				7F8DFED014985CD2008BFFC6 /* AudioStreamer.m */,
				7F8DFEC114985CAF008BFFC6 /* Frameworks */,
				7F8DFEC014985CAF008BFFC6 /* Products */,
			);
			sourceTree = "<group>";
		};
		7F8DFEC014985CAF008BFFC6 /* Products */ = {
			isa = PBXGroup;
			children = (
				7F8DFEBF14985CAF008BFFC6 /* libAudioStreamer.a */,
			);
			name = Products;
			sourceTree = "<group>";
		};
		7F8DFEC114985CAF008BFFC6 /* Frameworks */ = {
			isa = PBXGroup;
			children = (
				7F8DFEC214985CAF008BFFC6 /* Foundation.framework */,
			);
			name = Frameworks;
			sourceTree = "<group>";
		};
/* End PBXGroup section */

/* Begin PBXHeadersBuildPhase section */
		7F8DFEBD14985CAF008BFFC6 /* Headers */ = {
			isa = PBXHeadersBuildPhase;
			buildActionMask = 2147483647;
			files = (
				7F8DFED114985CD2008BFFC6 /* AudioStreamer.h in Headers */,
			);
			runOnlyForDeploymentPostprocessing = 0;
		};
/* End PBXHeadersBuildPhase section */

/* Begin PBXNativeTarget section */
		7F8DFEBE14985CAF008BFFC6 /* AudioStreamer */ = {
			isa = PBXNativeTarget;
			buildConfigurationList = 7F8DFECC14985CAF008BFFC6 /* Build configuration list for PBXNativeTarget "AudioStreamer" */;
			buildPhases = (
				7F8DFEBB14985CAF008BFFC6 /* Sources */,
				7F8DFEBC14985CAF008BFFC6 /* Frameworks */,
				7F8DFEBD14985CAF008BFFC6 /* Headers */,
			);
			buildRules = (
			);
			dependencies = (
			);
			name = AudioStreamer;
			productName = AudioStreamer;
			productReference = 7F8DFEBF14985CAF008BFFC6 /* libAudioStreamer.a */;
			productType = "com.apple.product-type.library.static";
		};
/* End PBXNativeTarget section */

/* Begin PBXProject section */
		7F8DFEB614985CAF008BFFC6 /* Project object */ = {
			isa = PBXProject;
			attributes = {
				LastUpgradeCheck = 0420;
			};
			buildConfigurationList = 7F8DFEB914985CAF008BFFC6 /* Build configuration list for PBXProject "AudioStreamer" */;
			compatibilityVersion = "Xcode 3.2";
			developmentRegion = English;
			hasScannedForEncodings = 0;
			knownRegions = (
				en,
			);
			mainGroup = 7F8DFEB414985CAF008BFFC6;
			productRefGroup = 7F8DFEC014985CAF008BFFC6 /* Products */;
			projectDirPath = "";
			projectRoot = "";
			targets = (
				7F8DFEBE14985CAF008BFFC6 /* AudioStreamer */,
			);
		};
/* End PBXProject section */

/* Begin PBXSourcesBuildPhase section */
		7F8DFEBB14985CAF008BFFC6 /* Sources */ = {
			isa = PBXSourcesBuildPhase;
			buildActionMask = 2147483647;
			files = (
				7F8DFED214985CD2008BFFC6 /* AudioStreamer.m in Sources */,
			);
			runOnlyForDeploymentPostprocessing = 0;
		};
/* End PBXSourcesBuildPhase section */

/* Begin XCBuildConfiguration section */
		7F8DFECA14985CAF008BFFC6 /* Debug */ = {
			isa = XCBuildConfiguration;
			buildSettings = {
				ALWAYS_SEARCH_USER_PATHS = NO;
				ARCHS = "$(ARCHS_STANDARD_32_BIT)";
				COPY_PHASE_STRIP = NO;
				GCC_C_LANGUAGE_STANDARD = gnu99;
				GCC_DYNAMIC_NO_PIC = NO;
				GCC_OPTIMIZATION_LEVEL = 0;
				GCC_PREPROCESSOR_DEFINITIONS = (
					"DEBUG=1",
					"$(inherited)",
				);
				GCC_SYMBOLS_PRIVATE_EXTERN = NO;
				GCC_VERSION = com.apple.compilers.llvm.clang.1_0;
				GCC_WARN_ABOUT_MISSING_PROTOTYPES = YES;
				GCC_WARN_ABOUT_RETURN_TYPE = YES;
				GCC_WARN_UNUSED_VARIABLE = YES;
				IPHONEOS_DEPLOYMENT_TARGET = 5.0;
				SDKROOT = iphoneos;
				VALID_ARCHS = "armv7 armv6 i386";
			};
			name = Debug;
		};
		7F8DFECB14985CAF008BFFC6 /* Release */ = {
			isa = XCBuildConfiguration;
			buildSettings = {
				ALWAYS_SEARCH_USER_PATHS = NO;
				ARCHS = "$(ARCHS_STANDARD_32_BIT)";
				COPY_PHASE_STRIP = YES;
				GCC_C_LANGUAGE_STANDARD = gnu99;
				GCC_VERSION = com.apple.compilers.llvm.clang.1_0;
				GCC_WARN_ABOUT_MISSING_PROTOTYPES = YES;
				GCC_WARN_ABOUT_RETURN_TYPE = YES;
				GCC_WARN_UNUSED_VARIABLE = YES;
				IPHONEOS_DEPLOYMENT_TARGET = 5.0;
				SDKROOT = iphoneos;
				VALIDATE_PRODUCT = YES;
				VALID_ARCHS = "armv7 armv6 i386";
			};
			name = Release;
		};
		7F8DFECD14985CAF008BFFC6 /* Debug */ = {
			isa = XCBuildConfiguration;
			buildSettings = {
				ARCHS = (
					armv7,
					armv6,
				);
				DSTROOT = /tmp/AudioStreamer.dst;
				GCC_PRECOMPILE_PREFIX_HEADER = YES;
				OTHER_LDFLAGS = "-ObjC";
				PRODUCT_NAME = "$(TARGET_NAME)";
				SKIP_INSTALL = YES;
				VALID_ARCHS = "armv7 armv6 i386";
			};
			name = Debug;
		};
		7F8DFECE14985CAF008BFFC6 /* Release */ = {
			isa = XCBuildConfiguration;
			buildSettings = {
				ARCHS = (
					armv7,
					armv6,
				);
				DSTROOT = /tmp/AudioStreamer.dst;
				GCC_PRECOMPILE_PREFIX_HEADER = YES;
				OTHER_LDFLAGS = "-ObjC";
				PRODUCT_NAME = "$(TARGET_NAME)";
				SKIP_INSTALL = YES;
				VALID_ARCHS = "armv7 armv6 i386";
			};
			name = Release;
		};
/* End XCBuildConfiguration section */

/* Begin XCConfigurationList section */
		7F8DFEB914985CAF008BFFC6 /* Build configuration list for PBXProject "AudioStreamer" */ = {
			isa = XCConfigurationList;
			buildConfigurations = (
				7F8DFECA14985CAF008BFFC6 /* Debug */,
				7F8DFECB14985CAF008BFFC6 /* Release */,
			);
			defaultConfigurationIsVisible = 0;
			defaultConfigurationName = Release;
		};
		7F8DFECC14985CAF008BFFC6 /* Build configuration list for PBXNativeTarget "AudioStreamer" */ = {
			isa = XCConfigurationList;
			buildConfigurations = (
				7F8DFECD14985CAF008BFFC6 /* Debug */,
				7F8DFECE14985CAF008BFFC6 /* Release */,
			);
			defaultConfigurationIsVisible = 0;
			defaultConfigurationName = Release;
		};
/* End XCConfigurationList section */
	};
	rootObject = 7F8DFEB614985CAF008BFFC6 /* Project object */;
}
