// !$*UTF8*$!
{
	archiveVersion = 1;
	classes = {
	};
	objectVersion = 45;
	objects = {

/* Begin PBXBuildFile section */
		1D60589B0D05DD56006BFB54 /* main.m in Sources */ = {isa = PBXBuildFile; fileRef = 29B97316FDCFA39411CA2CEA /* main.m */; };
		1D60589F0D05DD5A006BFB54 /* Foundation.framework in Frameworks */ = {isa = PBXBuildFile; fileRef = 1D30AB110D05D00D00671497 /* Foundation.framework */; };
		1DF5F4E00D08C38300B7A737 /* UIKit.framework in Frameworks */ = {isa = PBXBuildFile; fileRef = 1DF5F4DF0D08C38300B7A737 /* UIKit.framework */; };
		2892E4100DC94CBA00A64D0F /* CoreGraphics.framework in Frameworks */ = {isa = PBXBuildFile; fileRef = 2892E40F0DC94CBA00A64D0F /* CoreGraphics.framework */; };
		2899E5600DE3E45000AC0155 /* RootViewController.xib in Resources */ = {isa = PBXBuildFile; fileRef = 2899E55F0DE3E45000AC0155 /* RootViewController.xib */; };
		28AD73600D9D9599002E5188 /* MainWindow.xib in Resources */ = {isa = PBXBuildFile; fileRef = 28AD735F0D9D9599002E5188 /* MainWindow.xib */; };
		28C286E10D94DF7D0034E888 /* RootViewController.m in Sources */ = {isa = PBXBuildFile; fileRef = 28C286E00D94DF7D0034E888 /* RootViewController.m */; };
		7F13AA431017D798009C13FC /* WVUMainPageYellow.png in Resources */ = {isa = PBXBuildFile; fileRef = 7F13AA421017D798009C13FC /* WVUMainPageYellow.png */; };
		7F13AA641017DB22009C13FC /* WVUMainPageBlue.png in Resources */ = {isa = PBXBuildFile; fileRef = 7F13AA631017DB22009C13FC /* WVUMainPageBlue.png */; };
		7F13ABE710194A75009C13FC /* BusinessPerson.png in Resources */ = {isa = PBXBuildFile; fileRef = 7F13ABE510194A75009C13FC /* BusinessPerson.png */; };
		7F13ABE810194A75009C13FC /* StudentPerson.png in Resources */ = {isa = PBXBuildFile; fileRef = 7F13ABE610194A75009C13FC /* StudentPerson.png */; };
		7F1A20A20FE02EDC0050DFDE /* FootballSchedule.m in Sources */ = {isa = PBXBuildFile; fileRef = 7F1A20A10FE02EDC0050DFDE /* FootballSchedule.m */; };
		7F1FC6500FE06F71005D5C68 /* Building.png in Resources */ = {isa = PBXBuildFile; fileRef = 7F1FC64F0FE06F71005D5C68 /* Building.png */; };
		7F1FC6600FE07A1A005D5C68 /* Radio.png in Resources */ = {isa = PBXBuildFile; fileRef = 7F1FC65F0FE07A1A005D5C68 /* Radio.png */; };
		7F1FC6740FE07EAB005D5C68 /* Search.png in Resources */ = {isa = PBXBuildFile; fileRef = 7F1FC6730FE07EAB005D5C68 /* Search.png */; };
		7F1FC6B70FE08FC8005D5C68 /* PRT.png in Resources */ = {isa = PBXBuildFile; fileRef = 7F1FC6B60FE08FC8005D5C68 /* PRT.png */; };
		7F1FC6C70FE09310005D5C68 /* WebViewController.m in Sources */ = {isa = PBXBuildFile; fileRef = 7F1FC6C60FE09310005D5C68 /* WebViewController.m */; };
		7F1FC6C90FE093A1005D5C68 /* WebView.xib in Resources */ = {isa = PBXBuildFile; fileRef = 7F1FC6C80FE093A1005D5C68 /* WebView.xib */; };
		7F1FC6CD0FE09701005D5C68 /* BackTriangle.png in Resources */ = {isa = PBXBuildFile; fileRef = 7F1FC6CB0FE09701005D5C68 /* BackTriangle.png */; };
		7F1FC6CE0FE09701005D5C68 /* ForwardTriangle.png in Resources */ = {isa = PBXBuildFile; fileRef = 7F1FC6CC0FE09701005D5C68 /* ForwardTriangle.png */; };
		7F1FC7C50FE0C668005D5C68 /* Bus.png in Resources */ = {isa = PBXBuildFile; fileRef = 7F1FC7C40FE0C668005D5C68 /* Bus.png */; };
		7F1FC7C80FE0C7C3005D5C68 /* Book.png in Resources */ = {isa = PBXBuildFile; fileRef = 7F1FC7C70FE0C7C3005D5C68 /* Book.png */; };
		7F1FC82E0FE14928005D5C68 /* Football.png in Resources */ = {isa = PBXBuildFile; fileRef = 7F1FC82D0FE14928005D5C68 /* Football.png */; };
		7F1FC8560FE15084005D5C68 /* Police.png in Resources */ = {isa = PBXBuildFile; fileRef = 7F1FC8550FE15084005D5C68 /* Police.png */; };
		7F1FC8600FE1718F005D5C68 /* LibraryHours.m in Sources */ = {isa = PBXBuildFile; fileRef = 7F1FC85F0FE1718F005D5C68 /* LibraryHours.m */; };
		7F2F6B9D0FE2BB5700816ACC /* Food.png in Resources */ = {isa = PBXBuildFile; fileRef = 7F2F6B9C0FE2BB5700816ACC /* Food.png */; };
		7F2F6C1C0FE2ECBC00816ACC /* LibraryHoursTable.m in Sources */ = {isa = PBXBuildFile; fileRef = 7F2F6C1B0FE2ECBC00816ACC /* LibraryHoursTable.m */; };
		7F47FABC0FF31FC000E8F4ED /* BusesMain.m in Sources */ = {isa = PBXBuildFile; fileRef = 7F47FABB0FF31FC000E8F4ED /* BusesMain.m */; };
		7F47FB000FF331DE00E8F4ED /* RoutePlanner.m in Sources */ = {isa = PBXBuildFile; fileRef = 7F47FAFF0FF331DE00E8F4ED /* RoutePlanner.m */; };
		7F47FB470FF3456100E8F4ED /* BuildingDestinationPicker.m in Sources */ = {isa = PBXBuildFile; fileRef = 7F47FB460FF3456100E8F4ED /* BuildingDestinationPicker.m */; };
		7F47FC660FF4811D00E8F4ED /* Default.png in Resources */ = {isa = PBXBuildFile; fileRef = 7F47FC650FF4811D00E8F4ED /* Default.png */; };
		7F47FC710FF4897600E8F4ED /* EmergencyServices.m in Sources */ = {isa = PBXBuildFile; fileRef = 7F47FC700FF4897600E8F4ED /* EmergencyServices.m */; };
		7F51E95B10378C6900E54C8B /* AddressBookUI.framework in Frameworks */ = {isa = PBXBuildFile; fileRef = 7F51E95A10378C6900E54C8B /* AddressBookUI.framework */; };
		7F51E96010378CCE00E54C8B /* RHLDAPSearch.m in Sources */ = {isa = PBXBuildFile; fileRef = 7F51E95F10378CCE00E54C8B /* RHLDAPSearch.m */; };
		7F51EC0C1039019800E54C8B /* libldap.a in Frameworks */ = {isa = PBXBuildFile; fileRef = 7F51EC0A1039019800E54C8B /* libldap.a */; };
		7F51EC0D1039019800E54C8B /* liblber.a in Frameworks */ = {isa = PBXBuildFile; fileRef = 7F51EC0B1039019800E54C8B /* liblber.a */; };
		7F5ECF750FE94A6F00F140E4 /* Icon.png in Resources */ = {isa = PBXBuildFile; fileRef = 7F5ECF740FE94A6F00F140E4 /* Icon.png */; };
		7F5ED00E0FEC8A8400F140E4 /* MediaPlayer.framework in Frameworks */ = {isa = PBXBuildFile; fileRef = 7F5ED00D0FEC8A8400F140E4 /* MediaPlayer.framework */; };
		7F5ED02C0FEC8DCC00F140E4 /* AVFoundation.framework in Frameworks */ = {isa = PBXBuildFile; fileRef = 7F5ED02B0FEC8DCC00F140E4 /* AVFoundation.framework */; };
		7F5ED0510FEC9C7600F140E4 /* Reachability.m in Sources */ = {isa = PBXBuildFile; fileRef = 7F5ED0500FEC9C7600F140E4 /* Reachability.m */; };
		7F5ED0550FEC9CBA00F140E4 /* SystemConfiguration.framework in Frameworks */ = {isa = PBXBuildFile; fileRef = 7F5ED0540FEC9CBA00F140E4 /* SystemConfiguration.framework */; };
		7F5ED06C0FECA6C200F140E4 /* MainScreenOrder.plist in Resources */ = {isa = PBXBuildFile; fileRef = 7F5ED06B0FECA6C200F140E4 /* MainScreenOrder.plist */; };
		7F5ED2CA0FEF541000F140E4 /* Calendar.png in Resources */ = {isa = PBXBuildFile; fileRef = 7F5ED2C90FEF541000F140E4 /* Calendar.png */; };
		7F7E43470FDF2A05009BBE86 /* MainTableView.m in Sources */ = {isa = PBXBuildFile; fileRef = 7F7E43460FDF2A05009BBE86 /* MainTableView.m */; };
		7F91C14310406B2800D790FF /* LICENSE.txt in Resources */ = {isa = PBXBuildFile; fileRef = 7F91C14210406B2800D790FF /* LICENSE.txt */; };
		7F91C24B1044918600D790FF /* MobileSite.png in Resources */ = {isa = PBXBuildFile; fileRef = 7F91C24A1044918600D790FF /* MobileSite.png */; };
		7F93A6BC103CD60B0053301D /* RedAlertSingle.png in Resources */ = {isa = PBXBuildFile; fileRef = 7F93A6BB103CD60B0053301D /* RedAlertSingle.png */; };
		7F95E7C510090D4D00226B10 /* DiningHoursLine4Detail.plist in Resources */ = {isa = PBXBuildFile; fileRef = 7F95E7BE10090D4D00226B10 /* DiningHoursLine4Detail.plist */; };
		7F95E7C610090D4D00226B10 /* DiningHoursLine4Main.plist in Resources */ = {isa = PBXBuildFile; fileRef = 7F95E7BF10090D4D00226B10 /* DiningHoursLine4Main.plist */; };
		7F95E7C710090D4D00226B10 /* DiningHoursLine3Detail.plist in Resources */ = {isa = PBXBuildFile; fileRef = 7F95E7C010090D4D00226B10 /* DiningHoursLine3Detail.plist */; };
		7F95E7C810090D4D00226B10 /* DiningHoursLine3Main.plist in Resources */ = {isa = PBXBuildFile; fileRef = 7F95E7C110090D4D00226B10 /* DiningHoursLine3Main.plist */; };
		7F95E7C910090D4D00226B10 /* DiningHoursLine2Detail.plist in Resources */ = {isa = PBXBuildFile; fileRef = 7F95E7C210090D4D00226B10 /* DiningHoursLine2Detail.plist */; };
		7F95E7CA10090D4D00226B10 /* DiningHoursLine2Main.plist in Resources */ = {isa = PBXBuildFile; fileRef = 7F95E7C310090D4D00226B10 /* DiningHoursLine2Main.plist */; };
		7F95E7CB10090D4D00226B10 /* DiningHoursLine1Detail.plist in Resources */ = {isa = PBXBuildFile; fileRef = 7F95E7C410090D4D00226B10 /* DiningHoursLine1Detail.plist */; };
		7F95E8CB10096A5D00226B10 /* WVUBottomBlue.png in Resources */ = {isa = PBXBuildFile; fileRef = 7F95E8C710096A5D00226B10 /* WVUBottomBlue.png */; };
		7F95E8CC10096A5D00226B10 /* WVUMiddleBlue.png in Resources */ = {isa = PBXBuildFile; fileRef = 7F95E8C810096A5D00226B10 /* WVUMiddleBlue.png */; };
		7F95E8CD10096A5D00226B10 /* WVUSingleBlue.png in Resources */ = {isa = PBXBuildFile; fileRef = 7F95E8C910096A5D00226B10 /* WVUSingleBlue.png */; };
		7F95E8CE10096A5D00226B10 /* WVUTopBlue.png in Resources */ = {isa = PBXBuildFile; fileRef = 7F95E8CA10096A5D00226B10 /* WVUTopBlue.png */; };
		7F9D9E9A100D3A8E00F5A313 /* WVUBottomYellow.png in Resources */ = {isa = PBXBuildFile; fileRef = 7F9D9E96100D3A8E00F5A313 /* WVUBottomYellow.png */; };
		7F9D9E9B100D3A8E00F5A313 /* WVUMiddleYellow.png in Resources */ = {isa = PBXBuildFile; fileRef = 7F9D9E97100D3A8E00F5A313 /* WVUMiddleYellow.png */; };
		7F9D9E9C100D3A8E00F5A313 /* WVUSingleYellow.png in Resources */ = {isa = PBXBuildFile; fileRef = 7F9D9E98100D3A8E00F5A313 /* WVUSingleYellow.png */; };
		7F9D9E9D100D3A8E00F5A313 /* WVUTopYellow.png in Resources */ = {isa = PBXBuildFile; fileRef = 7F9D9E99100D3A8E00F5A313 /* WVUTopYellow.png */; };
		7FA0B3D90FF828DA00F3FBB3 /* DAReader.png in Resources */ = {isa = PBXBuildFile; fileRef = 7FA0B3D80FF828DA00F3FBB3 /* DAReader.png */; };
		7FA0B4C80FFAA8CB00F3FBB3 /* AddressBook.framework in Frameworks */ = {isa = PBXBuildFile; fileRef = 7FA0B4C70FFAA8CB00F3FBB3 /* AddressBook.framework */; };
		7FA0B4CC0FFAA8E500F3FBB3 /* CoreLocation.framework in Frameworks */ = {isa = PBXBuildFile; fileRef = 7FA0B4CB0FFAA8E500F3FBB3 /* CoreLocation.framework */; };
		7FA0B4D00FFAA8F400F3FBB3 /* QuartzCore.framework in Frameworks */ = {isa = PBXBuildFile; fileRef = 7FA0B4CF0FFAA8F400F3FBB3 /* QuartzCore.framework */; };
		7FAB79251006CB1A00DF21B3 /* DiningLocationPosition.plist in Resources */ = {isa = PBXBuildFile; fileRef = 7FAB79241006CB1A00DF21B3 /* DiningLocationPosition.plist */; };
		7FAB79431006DBE600DF21B3 /* DiningPhone.plist in Resources */ = {isa = PBXBuildFile; fileRef = 7FAB79421006DBE600DF21B3 /* DiningPhone.plist */; };
		7FABDDFE10051EAF00E80060 /* PaymentType.plist in Resources */ = {isa = PBXBuildFile; fileRef = 7FABDDFD10051EAF00E80060 /* PaymentType.plist */; };
		7FABDE021005272D00E80060 /* DiningList.m in Sources */ = {isa = PBXBuildFile; fileRef = 7FABDE001005272D00E80060 /* DiningList.m */; };
		7FABDE031005272D00E80060 /* DiningList.xib in Resources */ = {isa = PBXBuildFile; fileRef = 7FABDE011005272D00E80060 /* DiningList.xib */; };
		7FABDE061005274400E80060 /* DiningLocation.m in Sources */ = {isa = PBXBuildFile; fileRef = 7FABDE051005274400E80060 /* DiningLocation.m */; };
		7FABDE08100527A100E80060 /* DiningHoursLine1Main.plist in Resources */ = {isa = PBXBuildFile; fileRef = 7FABDE07100527A100E80060 /* DiningHoursLine1Main.plist */; };
		7FABDE9A100681FF00E80060 /* DiningWebsite.plist in Resources */ = {isa = PBXBuildFile; fileRef = 7FABDE99100681FF00E80060 /* DiningWebsite.plist */; };
		7FB0AE20103CD9F600FF8440 /* iWVUAppDelegate.m in Sources */ = {isa = PBXBuildFile; fileRef = 7FB0AE1F103CD9F600FF8440 /* iWVUAppDelegate.m */; };
		7FB99302101E2C3C00904B8B /* RoutePlanner.xib in Resources */ = {isa = PBXBuildFile; fileRef = 7FB99301101E2C3C00904B8B /* RoutePlanner.xib */; };
		7FBEB8490FE1E3F200BF7314 /* LibraryHours.xib in Resources */ = {isa = PBXBuildFile; fileRef = 7FBEB8480FE1E3F200BF7314 /* LibraryHours.xib */; };
		7FBEBA1C0FE27FB900BF7314 /* TableBack.png in Resources */ = {isa = PBXBuildFile; fileRef = 7FBEBA1B0FE27FB900BF7314 /* TableBack.png */; };
		7FDFED060FE3F0840057778D /* BuildingLocation.xib in Resources */ = {isa = PBXBuildFile; fileRef = 7FDFED050FE3F0840057778D /* BuildingLocation.xib */; };
		7FDFED0A0FE3F69C0057778D /* BuildingLocationController.m in Sources */ = {isa = PBXBuildFile; fileRef = 7FDFED090FE3F69C0057778D /* BuildingLocationController.m */; };
		7FDFED0C0FE3F7620057778D /* MapKit.framework in Frameworks */ = {isa = PBXBuildFile; fileRef = 7FDFED0B0FE3F7620057778D /* MapKit.framework */; };
		7FDFED220FE409DF0057778D /* BuildingList.m in Sources */ = {isa = PBXBuildFile; fileRef = 7FDFED210FE409DF0057778D /* BuildingList.m */; };
		7FDFED7C0FE433C10057778D /* BuildingsLong.plist in Resources */ = {isa = PBXBuildFile; fileRef = 7FDFED7B0FE433C10057778D /* BuildingsLong.plist */; };
		7FDFED7E0FE433F80057778D /* BuildingsLat.plist in Resources */ = {isa = PBXBuildFile; fileRef = 7FDFED7D0FE433F80057778D /* BuildingsLat.plist */; };
		7FDFEDAD0FE441D90057778D /* Location.png in Resources */ = {isa = PBXBuildFile; fileRef = 7FDFEDAC0FE441D90057778D /* Location.png */; };
		7FDFEDB80FE4467E0057778D /* POI.m in Sources */ = {isa = PBXBuildFile; fileRef = 7FDFEDB70FE4467E0057778D /* POI.m */; };
		7FDFF2660FE683090057778D /* PRTinfo.m in Sources */ = {isa = PBXBuildFile; fileRef = 7FDFF2650FE683090057778D /* PRTinfo.m */; };
		7FDFF4400FE733A20057778D /* U92Controller.m in Sources */ = {isa = PBXBuildFile; fileRef = 7FDFF43F0FE733A20057778D /* U92Controller.m */; };
		7FDFF62E0FE8A6970057778D /* MessageUI.framework in Frameworks */ = {isa = PBXBuildFile; fileRef = 7FDFF62D0FE8A6970057778D /* MessageUI.framework */; };
		7FEFC9F6101E467F00C258AE /* Entitlements.plist in Resources */ = {isa = PBXBuildFile; fileRef = 7FEFC9F5101E467F00C258AE /* Entitlements.plist */; };
		7FF2BF2C10040FE100CE60F8 /* DirectorySearch.m in Sources */ = {isa = PBXBuildFile; fileRef = 7FF2BF2A10040FE100CE60F8 /* DirectorySearch.m */; };
		7FF2BF2D10040FE100CE60F8 /* DirectorySearch.xib in Resources */ = {isa = PBXBuildFile; fileRef = 7FF2BF2B10040FE100CE60F8 /* DirectorySearch.xib */; };
/* End PBXBuildFile section */

/* Begin PBXFileReference section */
		1D30AB110D05D00D00671497 /* Foundation.framework */ = {isa = PBXFileReference; lastKnownFileType = wrapper.framework; name = Foundation.framework; path = System/Library/Frameworks/Foundation.framework; sourceTree = SDKROOT; };
		1D3623240D0F684500981E51 /* iWVUAppDelegate.h */ = {isa = PBXFileReference; fileEncoding = 4; lastKnownFileType = sourcecode.c.h; path = iWVUAppDelegate.h; sourceTree = "<group>"; };
		1D6058910D05DD3D006BFB54 /* iWVU.app */ = {isa = PBXFileReference; explicitFileType = wrapper.application; includeInIndex = 0; path = iWVU.app; sourceTree = BUILT_PRODUCTS_DIR; };
		1DF5F4DF0D08C38300B7A737 /* UIKit.framework */ = {isa = PBXFileReference; lastKnownFileType = wrapper.framework; name = UIKit.framework; path = System/Library/Frameworks/UIKit.framework; sourceTree = SDKROOT; };
		2892E40F0DC94CBA00A64D0F /* CoreGraphics.framework */ = {isa = PBXFileReference; lastKnownFileType = wrapper.framework; name = CoreGraphics.framework; path = System/Library/Frameworks/CoreGraphics.framework; sourceTree = SDKROOT; };
		2899E55F0DE3E45000AC0155 /* RootViewController.xib */ = {isa = PBXFileReference; lastKnownFileType = file.xib; path = RootViewController.xib; sourceTree = "<group>"; };
		28A0AAE50D9B0CCF005BE974 /* iWVU_Prefix.pch */ = {isa = PBXFileReference; fileEncoding = 4; lastKnownFileType = sourcecode.c.h; path = iWVU_Prefix.pch; sourceTree = "<group>"; };
		28AD735F0D9D9599002E5188 /* MainWindow.xib */ = {isa = PBXFileReference; lastKnownFileType = file.xib; path = MainWindow.xib; sourceTree = "<group>"; };
		28C286DF0D94DF7D0034E888 /* RootViewController.h */ = {isa = PBXFileReference; fileEncoding = 4; lastKnownFileType = sourcecode.c.h; path = RootViewController.h; sourceTree = "<group>"; };
		28C286E00D94DF7D0034E888 /* RootViewController.m */ = {isa = PBXFileReference; fileEncoding = 4; lastKnownFileType = sourcecode.c.objc; path = RootViewController.m; sourceTree = "<group>"; };
		29B97316FDCFA39411CA2CEA /* main.m */ = {isa = PBXFileReference; fileEncoding = 4; lastKnownFileType = sourcecode.c.objc; path = main.m; sourceTree = "<group>"; };
		7F13AA421017D798009C13FC /* WVUMainPageYellow.png */ = {isa = PBXFileReference; lastKnownFileType = image.png; path = WVUMainPageYellow.png; sourceTree = "<group>"; };
		7F13AA631017DB22009C13FC /* WVUMainPageBlue.png */ = {isa = PBXFileReference; lastKnownFileType = image.png; path = WVUMainPageBlue.png; sourceTree = "<group>"; };
		7F13ABE510194A75009C13FC /* BusinessPerson.png */ = {isa = PBXFileReference; lastKnownFileType = image.png; path = BusinessPerson.png; sourceTree = "<group>"; };
		7F13ABE610194A75009C13FC /* StudentPerson.png */ = {isa = PBXFileReference; lastKnownFileType = image.png; path = StudentPerson.png; sourceTree = "<group>"; };
		7F1A20A00FE02EDC0050DFDE /* FootballSchedule.h */ = {isa = PBXFileReference; fileEncoding = 4; lastKnownFileType = sourcecode.c.h; path = FootballSchedule.h; sourceTree = "<group>"; };
		7F1A20A10FE02EDC0050DFDE /* FootballSchedule.m */ = {isa = PBXFileReference; fileEncoding = 4; lastKnownFileType = sourcecode.c.objc; path = FootballSchedule.m; sourceTree = "<group>"; };
		7F1FC64F0FE06F71005D5C68 /* Building.png */ = {isa = PBXFileReference; lastKnownFileType = image.png; path = Building.png; sourceTree = "<group>"; };
		7F1FC65F0FE07A1A005D5C68 /* Radio.png */ = {isa = PBXFileReference; lastKnownFileType = image.png; path = Radio.png; sourceTree = "<group>"; };
		7F1FC6730FE07EAB005D5C68 /* Search.png */ = {isa = PBXFileReference; lastKnownFileType = image.png; path = Search.png; sourceTree = "<group>"; };
		7F1FC6B60FE08FC8005D5C68 /* PRT.png */ = {isa = PBXFileReference; lastKnownFileType = image.png; path = PRT.png; sourceTree = "<group>"; };
		7F1FC6C50FE09310005D5C68 /* WebViewController.h */ = {isa = PBXFileReference; fileEncoding = 4; lastKnownFileType = sourcecode.c.h; path = WebViewController.h; sourceTree = "<group>"; };
		7F1FC6C60FE09310005D5C68 /* WebViewController.m */ = {isa = PBXFileReference; fileEncoding = 4; lastKnownFileType = sourcecode.c.objc; path = WebViewController.m; sourceTree = "<group>"; };
		7F1FC6C80FE093A1005D5C68 /* WebView.xib */ = {isa = PBXFileReference; lastKnownFileType = file.xib; path = WebView.xib; sourceTree = "<group>"; };
		7F1FC6CB0FE09701005D5C68 /* BackTriangle.png */ = {isa = PBXFileReference; lastKnownFileType = image.png; name = BackTriangle.png; path = ../../BackTriangle.png; sourceTree = "<group>"; };
		7F1FC6CC0FE09701005D5C68 /* ForwardTriangle.png */ = {isa = PBXFileReference; lastKnownFileType = image.png; name = ForwardTriangle.png; path = ../../ForwardTriangle.png; sourceTree = "<group>"; };
		7F1FC7C40FE0C668005D5C68 /* Bus.png */ = {isa = PBXFileReference; lastKnownFileType = image.png; path = Bus.png; sourceTree = "<group>"; };
		7F1FC7C70FE0C7C3005D5C68 /* Book.png */ = {isa = PBXFileReference; lastKnownFileType = image.png; path = Book.png; sourceTree = "<group>"; };
		7F1FC82D0FE14928005D5C68 /* Football.png */ = {isa = PBXFileReference; lastKnownFileType = image.png; path = Football.png; sourceTree = "<group>"; };
		7F1FC8550FE15084005D5C68 /* Police.png */ = {isa = PBXFileReference; lastKnownFileType = image.png; path = Police.png; sourceTree = "<group>"; };
		7F1FC85E0FE1718F005D5C68 /* LibraryHours.h */ = {isa = PBXFileReference; fileEncoding = 4; lastKnownFileType = sourcecode.c.h; path = LibraryHours.h; sourceTree = "<group>"; };
		7F1FC85F0FE1718F005D5C68 /* LibraryHours.m */ = {isa = PBXFileReference; fileEncoding = 4; lastKnownFileType = sourcecode.c.objc; path = LibraryHours.m; sourceTree = "<group>"; };
		7F2B49121039193F00F11651 /* Info.plist */ = {isa = PBXFileReference; fileEncoding = 4; lastKnownFileType = text.plist.xml; path = Info.plist; sourceTree = "<group>"; };
		7F2F6B9C0FE2BB5700816ACC /* Food.png */ = {isa = PBXFileReference; lastKnownFileType = image.png; path = Food.png; sourceTree = "<group>"; };
		7F2F6C1A0FE2ECBC00816ACC /* LibraryHoursTable.h */ = {isa = PBXFileReference; fileEncoding = 4; lastKnownFileType = sourcecode.c.h; path = LibraryHoursTable.h; sourceTree = "<group>"; };
		7F2F6C1B0FE2ECBC00816ACC /* LibraryHoursTable.m */ = {isa = PBXFileReference; fileEncoding = 4; lastKnownFileType = sourcecode.c.objc; path = LibraryHoursTable.m; sourceTree = "<group>"; };
		7F47FABA0FF31FC000E8F4ED /* BusesMain.h */ = {isa = PBXFileReference; fileEncoding = 4; lastKnownFileType = sourcecode.c.h; path = BusesMain.h; sourceTree = "<group>"; };
		7F47FABB0FF31FC000E8F4ED /* BusesMain.m */ = {isa = PBXFileReference; fileEncoding = 4; lastKnownFileType = sourcecode.c.objc; path = BusesMain.m; sourceTree = "<group>"; };
		7F47FAFE0FF331DE00E8F4ED /* RoutePlanner.h */ = {isa = PBXFileReference; fileEncoding = 4; lastKnownFileType = sourcecode.c.h; path = RoutePlanner.h; sourceTree = "<group>"; };
		7F47FAFF0FF331DE00E8F4ED /* RoutePlanner.m */ = {isa = PBXFileReference; fileEncoding = 4; lastKnownFileType = sourcecode.c.objc; path = RoutePlanner.m; sourceTree = "<group>"; };
		7F47FB450FF3456100E8F4ED /* BuildingDestinationPicker.h */ = {isa = PBXFileReference; fileEncoding = 4; lastKnownFileType = sourcecode.c.h; path = BuildingDestinationPicker.h; sourceTree = "<group>"; };
		7F47FB460FF3456100E8F4ED /* BuildingDestinationPicker.m */ = {isa = PBXFileReference; fileEncoding = 4; lastKnownFileType = sourcecode.c.objc; path = BuildingDestinationPicker.m; sourceTree = "<group>"; };
		7F47FC650FF4811D00E8F4ED /* Default.png */ = {isa = PBXFileReference; lastKnownFileType = image.png; path = Default.png; sourceTree = "<group>"; };
		7F47FC6F0FF4897600E8F4ED /* EmergencyServices.h */ = {isa = PBXFileReference; fileEncoding = 4; lastKnownFileType = sourcecode.c.h; path = EmergencyServices.h; sourceTree = "<group>"; };
		7F47FC700FF4897600E8F4ED /* EmergencyServices.m */ = {isa = PBXFileReference; fileEncoding = 4; lastKnownFileType = sourcecode.c.objc; path = EmergencyServices.m; sourceTree = "<group>"; };
		7F51E95A10378C6900E54C8B /* AddressBookUI.framework */ = {isa = PBXFileReference; lastKnownFileType = wrapper.framework; name = AddressBookUI.framework; path = System/Library/Frameworks/AddressBookUI.framework; sourceTree = SDKROOT; };
		7F51E95E10378CCE00E54C8B /* RHLDAPSearch.h */ = {isa = PBXFileReference; fileEncoding = 4; lastKnownFileType = sourcecode.c.h; path = RHLDAPSearch.h; sourceTree = "<group>"; };
		7F51E95F10378CCE00E54C8B /* RHLDAPSearch.m */ = {isa = PBXFileReference; fileEncoding = 4; lastKnownFileType = sourcecode.c.objc; path = RHLDAPSearch.m; sourceTree = "<group>"; };
		7F51EC0A1039019800E54C8B /* libldap.a */ = {isa = PBXFileReference; lastKnownFileType = archive.ar; path = libldap.a; sourceTree = "<group>"; };
		7F51EC0B1039019800E54C8B /* liblber.a */ = {isa = PBXFileReference; lastKnownFileType = archive.ar; path = liblber.a; sourceTree = "<group>"; };
		7F5ECF740FE94A6F00F140E4 /* Icon.png */ = {isa = PBXFileReference; lastKnownFileType = image.png; path = Icon.png; sourceTree = "<group>"; };
		7F5ED00D0FEC8A8400F140E4 /* MediaPlayer.framework */ = {isa = PBXFileReference; lastKnownFileType = wrapper.framework; name = MediaPlayer.framework; path = System/Library/Frameworks/MediaPlayer.framework; sourceTree = SDKROOT; };
		7F5ED02B0FEC8DCC00F140E4 /* AVFoundation.framework */ = {isa = PBXFileReference; lastKnownFileType = wrapper.framework; name = AVFoundation.framework; path = System/Library/Frameworks/AVFoundation.framework; sourceTree = SDKROOT; };
		7F5ED04F0FEC9C7600F140E4 /* Reachability.h */ = {isa = PBXFileReference; fileEncoding = 4; lastKnownFileType = sourcecode.c.h; path = Reachability.h; sourceTree = "<group>"; };
		7F5ED0500FEC9C7600F140E4 /* Reachability.m */ = {isa = PBXFileReference; fileEncoding = 4; lastKnownFileType = sourcecode.c.objc; path = Reachability.m; sourceTree = "<group>"; };
		7F5ED0540FEC9CBA00F140E4 /* SystemConfiguration.framework */ = {isa = PBXFileReference; lastKnownFileType = wrapper.framework; name = SystemConfiguration.framework; path = System/Library/Frameworks/SystemConfiguration.framework; sourceTree = SDKROOT; };
		7F5ED06B0FECA6C200F140E4 /* MainScreenOrder.plist */ = {isa = PBXFileReference; fileEncoding = 4; lastKnownFileType = text.plist.xml; path = MainScreenOrder.plist; sourceTree = "<group>"; };
		7F5ED2C90FEF541000F140E4 /* Calendar.png */ = {isa = PBXFileReference; lastKnownFileType = image.png; path = Calendar.png; sourceTree = "<group>"; };
		7F7E43450FDF2A05009BBE86 /* MainTableView.h */ = {isa = PBXFileReference; fileEncoding = 4; lastKnownFileType = sourcecode.c.h; path = MainTableView.h; sourceTree = "<group>"; };
		7F7E43460FDF2A05009BBE86 /* MainTableView.m */ = {isa = PBXFileReference; fileEncoding = 4; lastKnownFileType = sourcecode.c.objc; path = MainTableView.m; sourceTree = "<group>"; };
		7F91C14210406B2800D790FF /* LICENSE.txt */ = {isa = PBXFileReference; fileEncoding = 4; lastKnownFileType = text; path = LICENSE.txt; sourceTree = "<group>"; };
		7F91C24A1044918600D790FF /* MobileSite.png */ = {isa = PBXFileReference; lastKnownFileType = image.png; path = MobileSite.png; sourceTree = "<group>"; };
		7F93A6BB103CD60B0053301D /* RedAlertSingle.png */ = {isa = PBXFileReference; lastKnownFileType = image.png; path = RedAlertSingle.png; sourceTree = "<group>"; };
		7F95E7BE10090D4D00226B10 /* DiningHoursLine4Detail.plist */ = {isa = PBXFileReference; fileEncoding = 4; lastKnownFileType = text.plist.xml; path = DiningHoursLine4Detail.plist; sourceTree = "<group>"; };
		7F95E7BF10090D4D00226B10 /* DiningHoursLine4Main.plist */ = {isa = PBXFileReference; fileEncoding = 4; lastKnownFileType = text.plist.xml; path = DiningHoursLine4Main.plist; sourceTree = "<group>"; };
		7F95E7C010090D4D00226B10 /* DiningHoursLine3Detail.plist */ = {isa = PBXFileReference; fileEncoding = 4; lastKnownFileType = text.plist.xml; path = DiningHoursLine3Detail.plist; sourceTree = "<group>"; };
		7F95E7C110090D4D00226B10 /* DiningHoursLine3Main.plist */ = {isa = PBXFileReference; fileEncoding = 4; lastKnownFileType = text.plist.xml; path = DiningHoursLine3Main.plist; sourceTree = "<group>"; };
		7F95E7C210090D4D00226B10 /* DiningHoursLine2Detail.plist */ = {isa = PBXFileReference; fileEncoding = 4; lastKnownFileType = text.plist.xml; path = DiningHoursLine2Detail.plist; sourceTree = "<group>"; };
		7F95E7C310090D4D00226B10 /* DiningHoursLine2Main.plist */ = {isa = PBXFileReference; fileEncoding = 4; lastKnownFileType = text.plist.xml; path = DiningHoursLine2Main.plist; sourceTree = "<group>"; };
		7F95E7C410090D4D00226B10 /* DiningHoursLine1Detail.plist */ = {isa = PBXFileReference; fileEncoding = 4; lastKnownFileType = text.plist.xml; path = DiningHoursLine1Detail.plist; sourceTree = "<group>"; };
		7F95E8C710096A5D00226B10 /* WVUBottomBlue.png */ = {isa = PBXFileReference; lastKnownFileType = image.png; path = WVUBottomBlue.png; sourceTree = "<group>"; };
		7F95E8C810096A5D00226B10 /* WVUMiddleBlue.png */ = {isa = PBXFileReference; lastKnownFileType = image.png; path = WVUMiddleBlue.png; sourceTree = "<group>"; };
		7F95E8C910096A5D00226B10 /* WVUSingleBlue.png */ = {isa = PBXFileReference; lastKnownFileType = image.png; path = WVUSingleBlue.png; sourceTree = "<group>"; };
		7F95E8CA10096A5D00226B10 /* WVUTopBlue.png */ = {isa = PBXFileReference; lastKnownFileType = image.png; path = WVUTopBlue.png; sourceTree = "<group>"; };
		7F9D9E96100D3A8E00F5A313 /* WVUBottomYellow.png */ = {isa = PBXFileReference; lastKnownFileType = image.png; path = WVUBottomYellow.png; sourceTree = "<group>"; };
		7F9D9E97100D3A8E00F5A313 /* WVUMiddleYellow.png */ = {isa = PBXFileReference; lastKnownFileType = image.png; path = WVUMiddleYellow.png; sourceTree = "<group>"; };
		7F9D9E98100D3A8E00F5A313 /* WVUSingleYellow.png */ = {isa = PBXFileReference; lastKnownFileType = image.png; path = WVUSingleYellow.png; sourceTree = "<group>"; };
		7F9D9E99100D3A8E00F5A313 /* WVUTopYellow.png */ = {isa = PBXFileReference; lastKnownFileType = image.png; path = WVUTopYellow.png; sourceTree = "<group>"; };
		7FA0B3D80FF828DA00F3FBB3 /* DAReader.png */ = {isa = PBXFileReference; lastKnownFileType = image.png; path = DAReader.png; sourceTree = "<group>"; };
		7FA0B4C70FFAA8CB00F3FBB3 /* AddressBook.framework */ = {isa = PBXFileReference; lastKnownFileType = wrapper.framework; name = AddressBook.framework; path = System/Library/Frameworks/AddressBook.framework; sourceTree = SDKROOT; };
		7FA0B4CB0FFAA8E500F3FBB3 /* CoreLocation.framework */ = {isa = PBXFileReference; lastKnownFileType = wrapper.framework; name = CoreLocation.framework; path = System/Library/Frameworks/CoreLocation.framework; sourceTree = SDKROOT; };
		7FA0B4CF0FFAA8F400F3FBB3 /* QuartzCore.framework */ = {isa = PBXFileReference; lastKnownFileType = wrapper.framework; name = QuartzCore.framework; path = System/Library/Frameworks/QuartzCore.framework; sourceTree = SDKROOT; };
		7FAB79241006CB1A00DF21B3 /* DiningLocationPosition.plist */ = {isa = PBXFileReference; fileEncoding = 4; lastKnownFileType = text.plist.xml; path = DiningLocationPosition.plist; sourceTree = "<group>"; };
		7FAB79421006DBE600DF21B3 /* DiningPhone.plist */ = {isa = PBXFileReference; fileEncoding = 4; lastKnownFileType = text.plist.xml; path = DiningPhone.plist; sourceTree = "<group>"; };
		7FABDDFD10051EAF00E80060 /* PaymentType.plist */ = {isa = PBXFileReference; fileEncoding = 4; lastKnownFileType = text.plist.xml; path = PaymentType.plist; sourceTree = "<group>"; };
		7FABDDFF1005272D00E80060 /* DiningList.h */ = {isa = PBXFileReference; fileEncoding = 4; lastKnownFileType = sourcecode.c.h; path = DiningList.h; sourceTree = "<group>"; };
		7FABDE001005272D00E80060 /* DiningList.m */ = {isa = PBXFileReference; fileEncoding = 4; lastKnownFileType = sourcecode.c.objc; path = DiningList.m; sourceTree = "<group>"; };
		7FABDE011005272D00E80060 /* DiningList.xib */ = {isa = PBXFileReference; lastKnownFileType = file.xib; path = DiningList.xib; sourceTree = "<group>"; };
		7FABDE041005274400E80060 /* DiningLocation.h */ = {isa = PBXFileReference; fileEncoding = 4; lastKnownFileType = sourcecode.c.h; path = DiningLocation.h; sourceTree = "<group>"; };
		7FABDE051005274400E80060 /* DiningLocation.m */ = {isa = PBXFileReference; fileEncoding = 4; lastKnownFileType = sourcecode.c.objc; path = DiningLocation.m; sourceTree = "<group>"; };
		7FABDE07100527A100E80060 /* DiningHoursLine1Main.plist */ = {isa = PBXFileReference; fileEncoding = 4; lastKnownFileType = text.plist.xml; path = DiningHoursLine1Main.plist; sourceTree = "<group>"; };
		7FABDE99100681FF00E80060 /* DiningWebsite.plist */ = {isa = PBXFileReference; fileEncoding = 4; lastKnownFileType = text.plist.xml; path = DiningWebsite.plist; sourceTree = "<group>"; };
		7FB0AE1F103CD9F600FF8440 /* iWVUAppDelegate.m */ = {isa = PBXFileReference; fileEncoding = 4; lastKnownFileType = sourcecode.c.objc; path = iWVUAppDelegate.m; sourceTree = "<group>"; };
		7FB99301101E2C3C00904B8B /* RoutePlanner.xib */ = {isa = PBXFileReference; lastKnownFileType = file.xib; path = RoutePlanner.xib; sourceTree = "<group>"; };
		7FBEB8480FE1E3F200BF7314 /* LibraryHours.xib */ = {isa = PBXFileReference; lastKnownFileType = file.xib; path = LibraryHours.xib; sourceTree = "<group>"; };
		7FBEBA1B0FE27FB900BF7314 /* TableBack.png */ = {isa = PBXFileReference; lastKnownFileType = image.png; path = TableBack.png; sourceTree = "<group>"; };
		7FDFED050FE3F0840057778D /* BuildingLocation.xib */ = {isa = PBXFileReference; lastKnownFileType = file.xib; path = BuildingLocation.xib; sourceTree = "<group>"; };
		7FDFED080FE3F69C0057778D /* BuildingLocationController.h */ = {isa = PBXFileReference; fileEncoding = 4; lastKnownFileType = sourcecode.c.h; path = BuildingLocationController.h; sourceTree = "<group>"; };
		7FDFED090FE3F69C0057778D /* BuildingLocationController.m */ = {isa = PBXFileReference; fileEncoding = 4; lastKnownFileType = sourcecode.c.objc; path = BuildingLocationController.m; sourceTree = "<group>"; };
		7FDFED0B0FE3F7620057778D /* MapKit.framework */ = {isa = PBXFileReference; lastKnownFileType = wrapper.framework; name = MapKit.framework; path = System/Library/Frameworks/MapKit.framework; sourceTree = SDKROOT; };
		7FDFED200FE409DF0057778D /* BuildingList.h */ = {isa = PBXFileReference; fileEncoding = 4; lastKnownFileType = sourcecode.c.h; path = BuildingList.h; sourceTree = "<group>"; };
		7FDFED210FE409DF0057778D /* BuildingList.m */ = {isa = PBXFileReference; fileEncoding = 4; lastKnownFileType = sourcecode.c.objc; path = BuildingList.m; sourceTree = "<group>"; };
		7FDFED7B0FE433C10057778D /* BuildingsLong.plist */ = {isa = PBXFileReference; fileEncoding = 4; lastKnownFileType = text.plist.xml; path = BuildingsLong.plist; sourceTree = "<group>"; };
		7FDFED7D0FE433F80057778D /* BuildingsLat.plist */ = {isa = PBXFileReference; fileEncoding = 4; lastKnownFileType = text.plist.xml; path = BuildingsLat.plist; sourceTree = "<group>"; };
		7FDFEDAC0FE441D90057778D /* Location.png */ = {isa = PBXFileReference; lastKnownFileType = image.png; path = Location.png; sourceTree = "<group>"; };
		7FDFEDB60FE4467E0057778D /* POI.h */ = {isa = PBXFileReference; fileEncoding = 4; lastKnownFileType = sourcecode.c.h; path = POI.h; sourceTree = "<group>"; };
		7FDFEDB70FE4467E0057778D /* POI.m */ = {isa = PBXFileReference; fileEncoding = 4; lastKnownFileType = sourcecode.c.objc; path = POI.m; sourceTree = "<group>"; };
		7FDFF2640FE683090057778D /* PRTinfo.h */ = {isa = PBXFileReference; fileEncoding = 4; lastKnownFileType = sourcecode.c.h; path = PRTinfo.h; sourceTree = "<group>"; };
		7FDFF2650FE683090057778D /* PRTinfo.m */ = {isa = PBXFileReference; fileEncoding = 4; lastKnownFileType = sourcecode.c.objc; path = PRTinfo.m; sourceTree = "<group>"; };
		7FDFF43E0FE733A20057778D /* U92Controller.h */ = {isa = PBXFileReference; fileEncoding = 4; lastKnownFileType = sourcecode.c.h; path = U92Controller.h; sourceTree = "<group>"; };
		7FDFF43F0FE733A20057778D /* U92Controller.m */ = {isa = PBXFileReference; fileEncoding = 4; lastKnownFileType = sourcecode.c.objc; path = U92Controller.m; sourceTree = "<group>"; };
		7FDFF62D0FE8A6970057778D /* MessageUI.framework */ = {isa = PBXFileReference; lastKnownFileType = wrapper.framework; name = MessageUI.framework; path = System/Library/Frameworks/MessageUI.framework; sourceTree = SDKROOT; };
		7FEFC9F5101E467F00C258AE /* Entitlements.plist */ = {isa = PBXFileReference; fileEncoding = 4; lastKnownFileType = text.plist.xml; path = Entitlements.plist; sourceTree = "<group>"; };
		7FF2BF2910040FE100CE60F8 /* DirectorySearch.h */ = {isa = PBXFileReference; fileEncoding = 4; lastKnownFileType = sourcecode.c.h; path = DirectorySearch.h; sourceTree = "<group>"; };
		7FF2BF2A10040FE100CE60F8 /* DirectorySearch.m */ = {isa = PBXFileReference; fileEncoding = 4; lastKnownFileType = sourcecode.c.objc; path = DirectorySearch.m; sourceTree = "<group>"; };
		7FF2BF2B10040FE100CE60F8 /* DirectorySearch.xib */ = {isa = PBXFileReference; lastKnownFileType = file.xib; path = DirectorySearch.xib; sourceTree = "<group>"; };
/* End PBXFileReference section */

/* Begin PBXFrameworksBuildPhase section */
		1D60588F0D05DD3D006BFB54 /* Frameworks */ = {
			isa = PBXFrameworksBuildPhase;
			buildActionMask = 2147483647;
			files = (
				1D60589F0D05DD5A006BFB54 /* Foundation.framework in Frameworks */,
				1DF5F4E00D08C38300B7A737 /* UIKit.framework in Frameworks */,
				2892E4100DC94CBA00A64D0F /* CoreGraphics.framework in Frameworks */,
				7FDFED0C0FE3F7620057778D /* MapKit.framework in Frameworks */,
				7FDFF62E0FE8A6970057778D /* MessageUI.framework in Frameworks */,
				7F5ED00E0FEC8A8400F140E4 /* MediaPlayer.framework in Frameworks */,
				7F5ED02C0FEC8DCC00F140E4 /* AVFoundation.framework in Frameworks */,
				7F5ED0550FEC9CBA00F140E4 /* SystemConfiguration.framework in Frameworks */,
				7FA0B4C80FFAA8CB00F3FBB3 /* AddressBook.framework in Frameworks */,
				7FA0B4CC0FFAA8E500F3FBB3 /* CoreLocation.framework in Frameworks */,
				7FA0B4D00FFAA8F400F3FBB3 /* QuartzCore.framework in Frameworks */,
				7F51E95B10378C6900E54C8B /* AddressBookUI.framework in Frameworks */,
				7F51EC0C1039019800E54C8B /* libldap.a in Frameworks */,
				7F51EC0D1039019800E54C8B /* liblber.a in Frameworks */,
			);
			runOnlyForDeploymentPostprocessing = 0;
		};
/* End PBXFrameworksBuildPhase section */

/* Begin PBXGroup section */
		080E96DDFE201D6D7F000001 /* App Delegate */ = {
			isa = PBXGroup;
			children = (
				28C286DF0D94DF7D0034E888 /* RootViewController.h */,
				28C286E00D94DF7D0034E888 /* RootViewController.m */,
				1D3623240D0F684500981E51 /* iWVUAppDelegate.h */,
				7FB0AE1F103CD9F600FF8440 /* iWVUAppDelegate.m */,
			);
			name = "App Delegate";
			path = Classes;
			sourceTree = "<group>";
		};
		19C28FACFE9D520D11CA2CBB /* Products */ = {
			isa = PBXGroup;
			children = (
				1D6058910D05DD3D006BFB54 /* iWVU.app */,
			);
			name = Products;
			sourceTree = "<group>";
		};
		29B97314FDCFA39411CA2CEA /* CustomTemplate */ = {
			isa = PBXGroup;
			children = (
				7F91C14210406B2800D790FF /* LICENSE.txt */,
				7FDFF2620FE682B90057778D /* Main Screen Views */,
				7F7E433E0FDF27FC009BBE86 /* Main Screen */,
				080E96DDFE201D6D7F000001 /* App Delegate */,
				29B97315FDCFA39411CA2CEA /* Other Sources */,
				29B97317FDCFA39411CA2CEA /* Resources */,
				29B97323FDCFA39411CA2CEA /* Frameworks */,
				19C28FACFE9D520D11CA2CBB /* Products */,
			);
			name = CustomTemplate;
			sourceTree = "<group>";
		};
		29B97315FDCFA39411CA2CEA /* Other Sources */ = {
			isa = PBXGroup;
			children = (
				28A0AAE50D9B0CCF005BE974 /* iWVU_Prefix.pch */,
				29B97316FDCFA39411CA2CEA /* main.m */,
			);
			name = "Other Sources";
			sourceTree = "<group>";
		};
		29B97317FDCFA39411CA2CEA /* Resources */ = {
			isa = PBXGroup;
			children = (
				7F7E43580FDF73CF009BBE86 /* Graphics */,
				7F93A5EF103CD22B0053301D /* Other */,
				7F47FC650FF4811D00E8F4ED /* Default.png */,
				7F5ECF740FE94A6F00F140E4 /* Icon.png */,
			);
			name = Resources;
			sourceTree = "<group>";
		};
		29B97323FDCFA39411CA2CEA /* Frameworks */ = {
			isa = PBXGroup;
			children = (
				7F51E95A10378C6900E54C8B /* AddressBookUI.framework */,
				7FA0B4CF0FFAA8F400F3FBB3 /* QuartzCore.framework */,
				7FA0B4CB0FFAA8E500F3FBB3 /* CoreLocation.framework */,
				7FA0B4C70FFAA8CB00F3FBB3 /* AddressBook.framework */,
				7F5ED0540FEC9CBA00F140E4 /* SystemConfiguration.framework */,
				7F5ED02B0FEC8DCC00F140E4 /* AVFoundation.framework */,
				7F5ED00D0FEC8A8400F140E4 /* MediaPlayer.framework */,
				7FDFF62D0FE8A6970057778D /* MessageUI.framework */,
				7FDFED0B0FE3F7620057778D /* MapKit.framework */,
				1DF5F4DF0D08C38300B7A737 /* UIKit.framework */,
				1D30AB110D05D00D00671497 /* Foundation.framework */,
				2892E40F0DC94CBA00A64D0F /* CoreGraphics.framework */,
			);
			name = Frameworks;
			sourceTree = "<group>";
		};
		7F1A209C0FE02E8E0050DFDE /* Football Schedule */ = {
			isa = PBXGroup;
			children = (
				7F1A20A00FE02EDC0050DFDE /* FootballSchedule.h */,
				7F1A20A10FE02EDC0050DFDE /* FootballSchedule.m */,
			);
			name = "Football Schedule";
			sourceTree = "<group>";
		};
		7F1FC6C40FE092E3005D5C68 /* WebsiteView */ = {
			isa = PBXGroup;
			children = (
				7F1FC6C50FE09310005D5C68 /* WebViewController.h */,
				7F1FC6C60FE09310005D5C68 /* WebViewController.m */,
				7F1FC6C80FE093A1005D5C68 /* WebView.xib */,
			);
			name = WebsiteView;
			sourceTree = "<group>";
		};
		7F1FC81B0FE13D22005D5C68 /* Library View */ = {
			isa = PBXGroup;
			children = (
				7F1FC8610FE17193005D5C68 /* Special Cases */,
			);
			name = "Library View";
			sourceTree = "<group>";
		};
		7F1FC8610FE17193005D5C68 /* Special Cases */ = {
			isa = PBXGroup;
			children = (
				7FBEB8480FE1E3F200BF7314 /* LibraryHours.xib */,
				7F1FC85E0FE1718F005D5C68 /* LibraryHours.h */,
				7F1FC85F0FE1718F005D5C68 /* LibraryHours.m */,
				7F2F6C1A0FE2ECBC00816ACC /* LibraryHoursTable.h */,
				7F2F6C1B0FE2ECBC00816ACC /* LibraryHoursTable.m */,
			);
			name = "Special Cases";
			sourceTree = "<group>";
		};
		7F47FAB90FF31FA000E8F4ED /* Busses */ = {
			isa = PBXGroup;
			children = (
				7F47FAFD0FF331C500E8F4ED /* Route Planner */,
				7F47FABA0FF31FC000E8F4ED /* BusesMain.h */,
				7F47FABB0FF31FC000E8F4ED /* BusesMain.m */,
			);
			name = Busses;
			sourceTree = "<group>";
		};
		7F47FAFD0FF331C500E8F4ED /* Route Planner */ = {
			isa = PBXGroup;
			children = (
				7FB99301101E2C3C00904B8B /* RoutePlanner.xib */,
				7F47FB440FF3451E00E8F4ED /* BuildingPicker */,
				7F47FAFE0FF331DE00E8F4ED /* RoutePlanner.h */,
				7F47FAFF0FF331DE00E8F4ED /* RoutePlanner.m */,
			);
			name = "Route Planner";
			sourceTree = "<group>";
		};
		7F47FB440FF3451E00E8F4ED /* BuildingPicker */ = {
			isa = PBXGroup;
			children = (
				7F47FB450FF3456100E8F4ED /* BuildingDestinationPicker.h */,
				7F47FB460FF3456100E8F4ED /* BuildingDestinationPicker.m */,
			);
			name = BuildingPicker;
			sourceTree = "<group>";
		};
		7F47FC6E0FF4894100E8F4ED /* Emergency Services */ = {
			isa = PBXGroup;
			children = (
				7F47FC6F0FF4897600E8F4ED /* EmergencyServices.h */,
				7F47FC700FF4897600E8F4ED /* EmergencyServices.m */,
			);
			name = "Emergency Services";
			sourceTree = "<group>";
		};
		7F7E433E0FDF27FC009BBE86 /* Main Screen */ = {
			isa = PBXGroup;
			children = (
				7F5ED06B0FECA6C200F140E4 /* MainScreenOrder.plist */,
				7F7E43450FDF2A05009BBE86 /* MainTableView.h */,
				7F7E43460FDF2A05009BBE86 /* MainTableView.m */,
			);
			name = "Main Screen";
			sourceTree = "<group>";
		};
		7F7E43580FDF73CF009BBE86 /* Graphics */ = {
			isa = PBXGroup;
			children = (
				7F95E8C610096A5D00226B10 /* WVUColorTables */,
				7F7E43590FDF73CF009BBE86 /* Icons */,
			);
			name = Graphics;
			path = Resources;
			sourceTree = "<group>";
		};
		7F7E43590FDF73CF009BBE86 /* Icons */ = {
			isa = PBXGroup;
			children = (
				7F91C24A1044918600D790FF /* MobileSite.png */,
				7F13ABE510194A75009C13FC /* BusinessPerson.png */,
				7F13ABE610194A75009C13FC /* StudentPerson.png */,
				7FA0B3D80FF828DA00F3FBB3 /* DAReader.png */,
				7F5ED2C90FEF541000F140E4 /* Calendar.png */,
				7FDFEDAC0FE441D90057778D /* Location.png */,
				7F2F6B9C0FE2BB5700816ACC /* Food.png */,
				7FBEBA1B0FE27FB900BF7314 /* TableBack.png */,
				7F1FC8550FE15084005D5C68 /* Police.png */,
				7F1FC82D0FE14928005D5C68 /* Football.png */,
				7F1FC7C70FE0C7C3005D5C68 /* Book.png */,
				7F1FC7C40FE0C668005D5C68 /* Bus.png */,
				7F1FC6CB0FE09701005D5C68 /* BackTriangle.png */,
				7F1FC6CC0FE09701005D5C68 /* ForwardTriangle.png */,
				7F1FC6B60FE08FC8005D5C68 /* PRT.png */,
				7F1FC65F0FE07A1A005D5C68 /* Radio.png */,
				7F1FC6730FE07EAB005D5C68 /* Search.png */,
				7F1FC64F0FE06F71005D5C68 /* Building.png */,
			);
			path = Icons;
			sourceTree = "<group>";
		};
		7F93A5EF103CD22B0053301D /* Other */ = {
			isa = PBXGroup;
			children = (
				2899E55F0DE3E45000AC0155 /* RootViewController.xib */,
				7F2B49121039193F00F11651 /* Info.plist */,
				28AD735F0D9D9599002E5188 /* MainWindow.xib */,
				7FEFC9F5101E467F00C258AE /* Entitlements.plist */,
			);
			name = Other;
			sourceTree = "<group>";
		};
		7F95E7BC10090CBD00226B10 /* Dining Hours */ = {
			isa = PBXGroup;
			children = (
				7F95E7BE10090D4D00226B10 /* DiningHoursLine4Detail.plist */,
				7F95E7BF10090D4D00226B10 /* DiningHoursLine4Main.plist */,
				7F95E7C010090D4D00226B10 /* DiningHoursLine3Detail.plist */,
				7F95E7C110090D4D00226B10 /* DiningHoursLine3Main.plist */,
				7F95E7C210090D4D00226B10 /* DiningHoursLine2Detail.plist */,
				7F95E7C310090D4D00226B10 /* DiningHoursLine2Main.plist */,
				7F95E7C410090D4D00226B10 /* DiningHoursLine1Detail.plist */,
				7FABDE07100527A100E80060 /* DiningHoursLine1Main.plist */,
			);
			name = "Dining Hours";
			sourceTree = "<group>";
		};
		7F95E8C610096A5D00226B10 /* WVUColorTables */ = {
			isa = PBXGroup;
			children = (
				7F93A6BB103CD60B0053301D /* RedAlertSingle.png */,
				7F13AA631017DB22009C13FC /* WVUMainPageBlue.png */,
				7F13AA421017D798009C13FC /* WVUMainPageYellow.png */,
				7F9D9E96100D3A8E00F5A313 /* WVUBottomYellow.png */,
				7F9D9E97100D3A8E00F5A313 /* WVUMiddleYellow.png */,
				7F9D9E98100D3A8E00F5A313 /* WVUSingleYellow.png */,
				7F9D9E99100D3A8E00F5A313 /* WVUTopYellow.png */,
				7F95E8C710096A5D00226B10 /* WVUBottomBlue.png */,
				7F95E8C810096A5D00226B10 /* WVUMiddleBlue.png */,
				7F95E8C910096A5D00226B10 /* WVUSingleBlue.png */,
				7F95E8CA10096A5D00226B10 /* WVUTopBlue.png */,
			);
			path = WVUColorTables;
			sourceTree = "<group>";
		};
		7FABDDFC10051E8D00E80060 /* Dining */ = {
			isa = PBXGroup;
			children = (
				7F95E7BC10090CBD00226B10 /* Dining Hours */,
				7FAB79241006CB1A00DF21B3 /* DiningLocationPosition.plist */,
				7FABDDFF1005272D00E80060 /* DiningList.h */,
				7FABDE001005272D00E80060 /* DiningList.m */,
				7FABDE011005272D00E80060 /* DiningList.xib */,
				7FABDDFD10051EAF00E80060 /* PaymentType.plist */,
				7FAB79421006DBE600DF21B3 /* DiningPhone.plist */,
				7FABDE99100681FF00E80060 /* DiningWebsite.plist */,
				7FABDE041005274400E80060 /* DiningLocation.h */,
				7FABDE051005274400E80060 /* DiningLocation.m */,
			);
			name = Dining;
			sourceTree = "<group>";
		};
		7FDFED040FE3F06C0057778D /* Building Location */ = {
			isa = PBXGroup;
			children = (
				7FDFEDB50FE4465F0057778D /* POI */,
				7FDFED7D0FE433F80057778D /* BuildingsLat.plist */,
				7FDFED7B0FE433C10057778D /* BuildingsLong.plist */,
				7FDFED050FE3F0840057778D /* BuildingLocation.xib */,
				7FDFED080FE3F69C0057778D /* BuildingLocationController.h */,
				7FDFED090FE3F69C0057778D /* BuildingLocationController.m */,
			);
			name = "Building Location";
			sourceTree = "<group>";
		};
		7FDFED1F0FE409BB0057778D /* Building List */ = {
			isa = PBXGroup;
			children = (
				7FDFED040FE3F06C0057778D /* Building Location */,
				7FDFED200FE409DF0057778D /* BuildingList.h */,
				7FDFED210FE409DF0057778D /* BuildingList.m */,
			);
			name = "Building List";
			sourceTree = "<group>";
		};
		7FDFEDB50FE4465F0057778D /* POI */ = {
			isa = PBXGroup;
			children = (
				7FDFEDB60FE4467E0057778D /* POI.h */,
				7FDFEDB70FE4467E0057778D /* POI.m */,
			);
			name = POI;
			sourceTree = "<group>";
		};
		7FDFF2620FE682B90057778D /* Main Screen Views */ = {
			isa = PBXGroup;
			children = (
				7FABDDFC10051E8D00E80060 /* Dining */,
				7FF2BF2610040F7200CE60F8 /* Directory */,
				7F47FC6E0FF4894100E8F4ED /* Emergency Services */,
				7F47FAB90FF31FA000E8F4ED /* Busses */,
				7FDFF43D0FE733930057778D /* U92 */,
				7FDFF2630FE682F20057778D /* PRT */,
				7F1FC6C40FE092E3005D5C68 /* WebsiteView */,
				7F1A209C0FE02E8E0050DFDE /* Football Schedule */,
				7F1FC81B0FE13D22005D5C68 /* Library View */,
				7FDFED1F0FE409BB0057778D /* Building List */,
			);
			name = "Main Screen Views";
			sourceTree = "<group>";
		};
		7FDFF2630FE682F20057778D /* PRT */ = {
			isa = PBXGroup;
			children = (
				7FDFF2640FE683090057778D /* PRTinfo.h */,
				7FDFF2650FE683090057778D /* PRTinfo.m */,
			);
			name = PRT;
			sourceTree = "<group>";
		};
		7FDFF43D0FE733930057778D /* U92 */ = {
			isa = PBXGroup;
			children = (
				7F5ED04F0FEC9C7600F140E4 /* Reachability.h */,
				7F5ED0500FEC9C7600F140E4 /* Reachability.m */,
				7FDFF43E0FE733A20057778D /* U92Controller.h */,
				7FDFF43F0FE733A20057778D /* U92Controller.m */,
			);
			name = U92;
			sourceTree = "<group>";
		};
		7FF2BF2610040F7200CE60F8 /* Directory */ = {
			isa = PBXGroup;
			children = (
				7F51E95E10378CCE00E54C8B /* RHLDAPSearch.h */,
				7F51EC0A1039019800E54C8B /* libldap.a */,
				7F51EC0B1039019800E54C8B /* liblber.a */,
				7F51E95F10378CCE00E54C8B /* RHLDAPSearch.m */,
				7FF2BF2910040FE100CE60F8 /* DirectorySearch.h */,
				7FF2BF2A10040FE100CE60F8 /* DirectorySearch.m */,
				7FF2BF2B10040FE100CE60F8 /* DirectorySearch.xib */,
			);
			name = Directory;
			sourceTree = "<group>";
		};
/* End PBXGroup section */

/* Begin PBXNativeTarget section */
		1D6058900D05DD3D006BFB54 /* iWVU */ = {
			isa = PBXNativeTarget;
			buildConfigurationList = 1D6058960D05DD3E006BFB54 /* Build configuration list for PBXNativeTarget "iWVU" */;
			buildPhases = (
				1D60588D0D05DD3D006BFB54 /* Resources */,
				1D60588E0D05DD3D006BFB54 /* Sources */,
				1D60588F0D05DD3D006BFB54 /* Frameworks */,
			);
			buildRules = (
			);
			dependencies = (
			);
			name = iWVU;
			productName = WVUiGuideDraft1;
			productReference = 1D6058910D05DD3D006BFB54 /* iWVU.app */;
			productType = "com.apple.product-type.application";
		};
/* End PBXNativeTarget section */

/* Begin PBXProject section */
		29B97313FDCFA39411CA2CEA /* Project object */ = {
			isa = PBXProject;
			buildConfigurationList = C01FCF4E08A954540054247B /* Build configuration list for PBXProject "iWVU" */;
			compatibilityVersion = "Xcode 3.1";
			hasScannedForEncodings = 1;
			knownRegions = (
				English,
				Japanese,
				French,
				German,
				en,
			);
			mainGroup = 29B97314FDCFA39411CA2CEA /* CustomTemplate */;
			projectDirPath = "";
			projectRoot = "";
			targets = (
				1D6058900D05DD3D006BFB54 /* iWVU */,
			);
		};
/* End PBXProject section */

/* Begin PBXResourcesBuildPhase section */
		1D60588D0D05DD3D006BFB54 /* Resources */ = {
			isa = PBXResourcesBuildPhase;
			buildActionMask = 2147483647;
			files = (
				28AD73600D9D9599002E5188 /* MainWindow.xib in Resources */,
				2899E5600DE3E45000AC0155 /* RootViewController.xib in Resources */,
				7F1FC6500FE06F71005D5C68 /* Building.png in Resources */,
				7F1FC6600FE07A1A005D5C68 /* Radio.png in Resources */,
				7F1FC6740FE07EAB005D5C68 /* Search.png in Resources */,
				7F1FC6B70FE08FC8005D5C68 /* PRT.png in Resources */,
				7F1FC6C90FE093A1005D5C68 /* WebView.xib in Resources */,
				7F1FC6CD0FE09701005D5C68 /* BackTriangle.png in Resources */,
				7F1FC6CE0FE09701005D5C68 /* ForwardTriangle.png in Resources */,
				7F1FC7C50FE0C668005D5C68 /* Bus.png in Resources */,
				7F1FC7C80FE0C7C3005D5C68 /* Book.png in Resources */,
				7F1FC82E0FE14928005D5C68 /* Football.png in Resources */,
				7F1FC8560FE15084005D5C68 /* Police.png in Resources */,
				7FBEB8490FE1E3F200BF7314 /* LibraryHours.xib in Resources */,
				7FBEBA1C0FE27FB900BF7314 /* TableBack.png in Resources */,
				7F2F6B9D0FE2BB5700816ACC /* Food.png in Resources */,
				7FDFED060FE3F0840057778D /* BuildingLocation.xib in Resources */,
				7FDFED7C0FE433C10057778D /* BuildingsLong.plist in Resources */,
				7FDFED7E0FE433F80057778D /* BuildingsLat.plist in Resources */,
				7FDFEDAD0FE441D90057778D /* Location.png in Resources */,
				7F5ECF750FE94A6F00F140E4 /* Icon.png in Resources */,
				7F5ED06C0FECA6C200F140E4 /* MainScreenOrder.plist in Resources */,
				7F5ED2CA0FEF541000F140E4 /* Calendar.png in Resources */,
				7F47FC660FF4811D00E8F4ED /* Default.png in Resources */,
				7FA0B3D90FF828DA00F3FBB3 /* DAReader.png in Resources */,
				7FF2BF2D10040FE100CE60F8 /* DirectorySearch.xib in Resources */,
				7FABDDFE10051EAF00E80060 /* PaymentType.plist in Resources */,
				7FABDE031005272D00E80060 /* DiningList.xib in Resources */,
				7FABDE08100527A100E80060 /* DiningHoursLine1Main.plist in Resources */,
				7FABDE9A100681FF00E80060 /* DiningWebsite.plist in Resources */,
				7FAB79251006CB1A00DF21B3 /* DiningLocationPosition.plist in Resources */,
				7FAB79431006DBE600DF21B3 /* DiningPhone.plist in Resources */,
				7F95E7C510090D4D00226B10 /* DiningHoursLine4Detail.plist in Resources */,
				7F95E7C610090D4D00226B10 /* DiningHoursLine4Main.plist in Resources */,
				7F95E7C710090D4D00226B10 /* DiningHoursLine3Detail.plist in Resources */,
				7F95E7C810090D4D00226B10 /* DiningHoursLine3Main.plist in Resources */,
				7F95E7C910090D4D00226B10 /* DiningHoursLine2Detail.plist in Resources */,
				7F95E7CA10090D4D00226B10 /* DiningHoursLine2Main.plist in Resources */,
				7F95E7CB10090D4D00226B10 /* DiningHoursLine1Detail.plist in Resources */,
				7F95E8CB10096A5D00226B10 /* WVUBottomBlue.png in Resources */,
				7F95E8CC10096A5D00226B10 /* WVUMiddleBlue.png in Resources */,
				7F95E8CD10096A5D00226B10 /* WVUSingleBlue.png in Resources */,
				7F95E8CE10096A5D00226B10 /* WVUTopBlue.png in Resources */,
				7F9D9E9A100D3A8E00F5A313 /* WVUBottomYellow.png in Resources */,
				7F9D9E9B100D3A8E00F5A313 /* WVUMiddleYellow.png in Resources */,
				7F9D9E9C100D3A8E00F5A313 /* WVUSingleYellow.png in Resources */,
				7F9D9E9D100D3A8E00F5A313 /* WVUTopYellow.png in Resources */,
				7F13AA431017D798009C13FC /* WVUMainPageYellow.png in Resources */,
				7F13AA641017DB22009C13FC /* WVUMainPageBlue.png in Resources */,
				7F13ABE710194A75009C13FC /* BusinessPerson.png in Resources */,
				7F13ABE810194A75009C13FC /* StudentPerson.png in Resources */,
				7FB99302101E2C3C00904B8B /* RoutePlanner.xib in Resources */,
				7FEFC9F6101E467F00C258AE /* Entitlements.plist in Resources */,
				7F93A6BC103CD60B0053301D /* RedAlertSingle.png in Resources */,
				7F91C14310406B2800D790FF /* LICENSE.txt in Resources */,
				7F91C24B1044918600D790FF /* MobileSite.png in Resources */,
			);
			runOnlyForDeploymentPostprocessing = 0;
		};
/* End PBXResourcesBuildPhase section */

/* Begin PBXSourcesBuildPhase section */
		1D60588E0D05DD3D006BFB54 /* Sources */ = {
			isa = PBXSourcesBuildPhase;
			buildActionMask = 2147483647;
			files = (
				1D60589B0D05DD56006BFB54 /* main.m in Sources */,
				28C286E10D94DF7D0034E888 /* RootViewController.m in Sources */,
				7F7E43470FDF2A05009BBE86 /* MainTableView.m in Sources */,
				7F1A20A20FE02EDC0050DFDE /* FootballSchedule.m in Sources */,
				7F1FC6C70FE09310005D5C68 /* WebViewController.m in Sources */,
				7F1FC8600FE1718F005D5C68 /* LibraryHours.m in Sources */,
				7F2F6C1C0FE2ECBC00816ACC /* LibraryHoursTable.m in Sources */,
				7FDFED0A0FE3F69C0057778D /* BuildingLocationController.m in Sources */,
				7FDFED220FE409DF0057778D /* BuildingList.m in Sources */,
				7FDFEDB80FE4467E0057778D /* POI.m in Sources */,
				7FDFF2660FE683090057778D /* PRTinfo.m in Sources */,
				7FDFF4400FE733A20057778D /* U92Controller.m in Sources */,
				7F5ED0510FEC9C7600F140E4 /* Reachability.m in Sources */,
				7F47FABC0FF31FC000E8F4ED /* BusesMain.m in Sources */,
				7F47FB000FF331DE00E8F4ED /* RoutePlanner.m in Sources */,
				7F47FB470FF3456100E8F4ED /* BuildingDestinationPicker.m in Sources */,
				7F47FC710FF4897600E8F4ED /* EmergencyServices.m in Sources */,
				7FF2BF2C10040FE100CE60F8 /* DirectorySearch.m in Sources */,
				7FABDE021005272D00E80060 /* DiningList.m in Sources */,
				7FABDE061005274400E80060 /* DiningLocation.m in Sources */,
				7F51E96010378CCE00E54C8B /* RHLDAPSearch.m in Sources */,
				7FB0AE20103CD9F600FF8440 /* iWVUAppDelegate.m in Sources */,
			);
			runOnlyForDeploymentPostprocessing = 0;
		};
/* End PBXSourcesBuildPhase section */

/* Begin XCBuildConfiguration section */
		1D6058940D05DD3E006BFB54 /* Debug */ = {
			isa = XCBuildConfiguration;
			buildSettings = {
				ALWAYS_SEARCH_USER_PATHS = NO;
				COPY_PHASE_STRIP = NO;
				GCC_DYNAMIC_NO_PIC = NO;
				GCC_OPTIMIZATION_LEVEL = 0;
				GCC_PRECOMPILE_PREFIX_HEADER = YES;
				GCC_PREFIX_HEADER = iWVU_Prefix.pch;
				INFOPLIST_FILE = Info.plist;
				LIBRARY_SEARCH_PATHS = (
					"$(inherited)",
					"\"$(SRCROOT)\"",
				);
				PRODUCT_NAME = iWVU;
			};
			name = Debug;
		};
		1D6058950D05DD3E006BFB54 /* Ad Hoc */ = {
			isa = XCBuildConfiguration;
			buildSettings = {
				ALWAYS_SEARCH_USER_PATHS = NO;
				COPY_PHASE_STRIP = YES;
				GCC_PRECOMPILE_PREFIX_HEADER = YES;
				GCC_PREFIX_HEADER = iWVU_Prefix.pch;
				INFOPLIST_FILE = Info.plist;
				LIBRARY_SEARCH_PATHS = (
					"$(inherited)",
					"\"$(SRCROOT)\"",
				);
				PRODUCT_NAME = iWVU;
			};
			name = "Ad Hoc";
		};
		7F10B5E810228BF700AB83F5 /* App Store */ = {
			isa = XCBuildConfiguration;
			buildSettings = {
				ARCHS = "$(ARCHS_STANDARD_32_BIT)";
				CODE_SIGN_ENTITLEMENTS = Entitlements.plist;
				"CODE_SIGN_IDENTITY[sdk=iphoneos*]" = "iPhone Distribution: Jared Crawford";
				GCC_C_LANGUAGE_STANDARD = c99;
				GCC_WARN_ABOUT_RETURN_TYPE = YES;
				GCC_WARN_UNUSED_VARIABLE = YES;
				HEADER_SEARCH_PATHS = "\"$(SRCROOT)/LDAPInclude\"";
				PREBINDING = NO;
				"PROVISIONING_PROFILE[sdk=iphoneos*]" = "EAAEDA52-80D5-4A69-80F4-D9CF3B17CBD9";
				SDKROOT = iphoneos3.0;
			};
			name = "App Store";
		};
		7F10B5E910228BF700AB83F5 /* App Store */ = {
			isa = XCBuildConfiguration;
			buildSettings = {
				ALWAYS_SEARCH_USER_PATHS = NO;
				COPY_PHASE_STRIP = YES;
				GCC_PRECOMPILE_PREFIX_HEADER = YES;
				GCC_PREFIX_HEADER = iWVU_Prefix.pch;
				INFOPLIST_FILE = Info.plist;
				LIBRARY_SEARCH_PATHS = (
					"$(inherited)",
					"\"$(SRCROOT)\"",
				);
				PRODUCT_NAME = iWVU;
			};
			name = "App Store";
		};
		C01FCF4F08A954540054247B /* Debug */ = {
			isa = XCBuildConfiguration;
			buildSettings = {
				ARCHS = "$(ARCHS_STANDARD_32_BIT)";
				"CODE_SIGN_IDENTITY[sdk=iphoneos*]" = "iPhone Developer: Jared Crawford (K2FX9GPACC)";
				GCC_C_LANGUAGE_STANDARD = c99;
				GCC_WARN_ABOUT_RETURN_TYPE = YES;
				GCC_WARN_UNUSED_VARIABLE = YES;
				HEADER_SEARCH_PATHS = "\"$(SRCROOT)/LDAPInclude\"";
				PREBINDING = NO;
				"PROVISIONING_PROFILE[sdk=iphoneos*]" = "78E5FF35-F3FD-49EB-A81D-9E16DE6EF64C";
				SDKROOT = iphoneos3.0;
			};
			name = Debug;
		};
		C01FCF5008A954540054247B /* Ad Hoc */ = {
			isa = XCBuildConfiguration;
			buildSettings = {
				ARCHS = "$(ARCHS_STANDARD_32_BIT)";
				CODE_SIGN_ENTITLEMENTS = Entitlements.plist;
				"CODE_SIGN_IDENTITY[sdk=iphoneos*]" = "iPhone Distribution: Jared Crawford";
				GCC_C_LANGUAGE_STANDARD = c99;
				GCC_WARN_ABOUT_RETURN_TYPE = YES;
				GCC_WARN_UNUSED_VARIABLE = YES;
				HEADER_SEARCH_PATHS = "\"$(SRCROOT)/LDAPInclude\"";
				PREBINDING = NO;
				"PROVISIONING_PROFILE[sdk=iphoneos*]" = "F7C1E663-5960-43DE-B610-9A2BB2D2B93C";
				SDKROOT = iphoneos3.0;
			};
			name = "Ad Hoc";
		};
/* End XCBuildConfiguration section */

/* Begin XCConfigurationList section */
		1D6058960D05DD3E006BFB54 /* Build configuration list for PBXNativeTarget "iWVU" */ = {
			isa = XCConfigurationList;
			buildConfigurations = (
				1D6058940D05DD3E006BFB54 /* Debug */,
				1D6058950D05DD3E006BFB54 /* Ad Hoc */,
				7F10B5E910228BF700AB83F5 /* App Store */,
			);
			defaultConfigurationIsVisible = 0;
			defaultConfigurationName = "Ad Hoc";
		};
		C01FCF4E08A954540054247B /* Build configuration list for PBXProject "iWVU" */ = {
			isa = XCConfigurationList;
			buildConfigurations = (
				C01FCF4F08A954540054247B /* Debug */,
				C01FCF5008A954540054247B /* Ad Hoc */,
				7F10B5E810228BF700AB83F5 /* App Store */,
			);
			defaultConfigurationIsVisible = 0;
			defaultConfigurationName = "Ad Hoc";
		};
/* End XCConfigurationList section */
	};
	rootObject = 29B97313FDCFA39411CA2CEA /* Project object */;
}
